
Microsoft Visual Studio Solution File, Format Version 12.00
# Visual Studio 14
VisualStudioVersion = 14.0.24720.0
MinimumVisualStudioVersion = 10.0.40219.1
Project("{FAE04EC0-301F-11D3-BF4B-00C04F79EFBC}") = "ListView", "ListView\ListView.csproj", "{D29D4454-981B-4475-91F8-F6CCEBABDBFB}"
EndProject
Project("{FAE04EC0-301F-11D3-BF4B-00C04F79EFBC}") = "GridView", "GridView\GridView.csproj", "{1CE20BF4-DFA5-43AE-A4D6-C4812A158565}"
EndProject
Project("{FAE04EC0-301F-11D3-BF4B-00C04F79EFBC}") = "TextBox", "TextBox\TextBox.csproj", "{785D7164-B1D4-4719-AD7A-9069E6D11866}"
EndProject
Project("{FAE04EC0-301F-11D3-BF4B-00C04F79EFBC}") = "Buttons", "Buttons\Buttons.csproj", "{EA17127C-8CDF-4579-AB1A-04BA53AF54C5}"
EndProject
Project("{FAE04EC0-301F-11D3-BF4B-00C04F79EFBC}") = "ProgressBarRing", "ProgressBarRing\ProgressBarRing.csproj", "{032D4F2A-BB24-482D-ADAD-E60D8CA1DFE2}"
EndProject
Project("{FAE04EC0-301F-11D3-BF4B-00C04F79EFBC}") = "AppBar", "AppBar\AppBar.csproj", "{D673A6F3-9A2F-419C-A4FE-AB9E9F810DDD}"
EndProject
Project("{FAE04EC0-301F-11D3-BF4B-00C04F79EFBC}") = "Slider", "Slider\Slider.csproj", "{F2B2CA4C-690C-4C9C-85C7-A45B067B3E89}"
EndProject
Global
	GlobalSection(SolutionConfigurationPlatforms) = preSolution
		Debug|ARM = Debug|ARM
		Debug|x64 = Debug|x64
		Debug|x86 = Debug|x86
		Release|ARM = Release|ARM
		Release|x64 = Release|x64
		Release|x86 = Release|x86
	EndGlobalSection
	GlobalSection(ProjectConfigurationPlatforms) = postSolution
		{D29D4454-981B-4475-91F8-F6CCEBABDBFB}.Debug|ARM.ActiveCfg = Debug|ARM
		{D29D4454-981B-4475-91F8-F6CCEBABDBFB}.Debug|ARM.Build.0 = Debug|ARM
		{D29D4454-981B-4475-91F8-F6CCEBABDBFB}.Debug|ARM.Deploy.0 = Debug|ARM
		{D29D4454-981B-4475-91F8-F6CCEBABDBFB}.Debug|x64.ActiveCfg = Debug|x64
		{D29D4454-981B-4475-91F8-F6CCEBABDBFB}.Debug|x64.Build.0 = Debug|x64
		{D29D4454-981B-4475-91F8-F6CCEBABDBFB}.Debug|x64.Deploy.0 = Debug|x64
		{D29D4454-981B-4475-91F8-F6CCEBABDBFB}.Debug|x86.ActiveCfg = Debug|x86
		{D29D4454-981B-4475-91F8-F6CCEBABDBFB}.Debug|x86.Build.0 = Debug|x86
		{D29D4454-981B-4475-91F8-F6CCEBABDBFB}.Debug|x86.Deploy.0 = Debug|x86
		{D29D4454-981B-4475-91F8-F6CCEBABDBFB}.Release|ARM.ActiveCfg = Release|ARM
		{D29D4454-981B-4475-91F8-F6CCEBABDBFB}.Release|ARM.Build.0 = Release|ARM
		{D29D4454-981B-4475-91F8-F6CCEBABDBFB}.Release|ARM.Deploy.0 = Release|ARM
		{D29D4454-981B-4475-91F8-F6CCEBABDBFB}.Release|x64.ActiveCfg = Release|x64
		{D29D4454-981B-4475-91F8-F6CCEBABDBFB}.Release|x64.Build.0 = Release|x64
		{D29D4454-981B-4475-91F8-F6CCEBABDBFB}.Release|x64.Deploy.0 = Release|x64
		{D29D4454-981B-4475-91F8-F6CCEBABDBFB}.Release|x86.ActiveCfg = Release|x86
		{D29D4454-981B-4475-91F8-F6CCEBABDBFB}.Release|x86.Build.0 = Release|x86
		{D29D4454-981B-4475-91F8-F6CCEBABDBFB}.Release|x86.Deploy.0 = Release|x86
		{1CE20BF4-DFA5-43AE-A4D6-C4812A158565}.Debug|ARM.ActiveCfg = Debug|ARM
		{1CE20BF4-DFA5-43AE-A4D6-C4812A158565}.Debug|ARM.Build.0 = Debug|ARM
		{1CE20BF4-DFA5-43AE-A4D6-C4812A158565}.Debug|ARM.Deploy.0 = Debug|ARM
		{1CE20BF4-DFA5-43AE-A4D6-C4812A158565}.Debug|x64.ActiveCfg = Debug|x64
		{1CE20BF4-DFA5-43AE-A4D6-C4812A158565}.Debug|x64.Build.0 = Debug|x64
		{1CE20BF4-DFA5-43AE-A4D6-C4812A158565}.Debug|x64.Deploy.0 = Debug|x64
		{1CE20BF4-DFA5-43AE-A4D6-C4812A158565}.Debug|x86.ActiveCfg = Debug|x86
		{1CE20BF4-DFA5-43AE-A4D6-C4812A158565}.Debug|x86.Build.0 = Debug|x86
		{1CE20BF4-DFA5-43AE-A4D6-C4812A158565}.Debug|x86.Deploy.0 = Debug|x86
		{1CE20BF4-DFA5-43AE-A4D6-C4812A158565}.Release|ARM.ActiveCfg = Release|ARM
		{1CE20BF4-DFA5-43AE-A4D6-C4812A158565}.Release|ARM.Build.0 = Release|ARM
		{1CE20BF4-DFA5-43AE-A4D6-C4812A158565}.Release|ARM.Deploy.0 = Release|ARM
		{1CE20BF4-DFA5-43AE-A4D6-C4812A158565}.Release|x64.ActiveCfg = Release|x64
		{1CE20BF4-DFA5-43AE-A4D6-C4812A158565}.Release|x64.Build.0 = Release|x64
		{1CE20BF4-DFA5-43AE-A4D6-C4812A158565}.Release|x64.Deploy.0 = Release|x64
		{1CE20BF4-DFA5-43AE-A4D6-C4812A158565}.Release|x86.ActiveCfg = Release|x86
		{1CE20BF4-DFA5-43AE-A4D6-C4812A158565}.Release|x86.Build.0 = Release|x86
		{1CE20BF4-DFA5-43AE-A4D6-C4812A158565}.Release|x86.Deploy.0 = Release|x86
		{785D7164-B1D4-4719-AD7A-9069E6D11866}.Debug|ARM.ActiveCfg = Debug|ARM
		{785D7164-B1D4-4719-AD7A-9069E6D11866}.Debug|ARM.Build.0 = Debug|ARM
		{785D7164-B1D4-4719-AD7A-9069E6D11866}.Debug|ARM.Deploy.0 = Debug|ARM
		{785D7164-B1D4-4719-AD7A-9069E6D11866}.Debug|x64.ActiveCfg = Debug|x64
		{785D7164-B1D4-4719-AD7A-9069E6D11866}.Debug|x64.Build.0 = Debug|x64
		{785D7164-B1D4-4719-AD7A-9069E6D11866}.Debug|x64.Deploy.0 = Debug|x64
		{785D7164-B1D4-4719-AD7A-9069E6D11866}.Debug|x86.ActiveCfg = Debug|x86
		{785D7164-B1D4-4719-AD7A-9069E6D11866}.Debug|x86.Build.0 = Debug|x86
		{785D7164-B1D4-4719-AD7A-9069E6D11866}.Debug|x86.Deploy.0 = Debug|x86
		{785D7164-B1D4-4719-AD7A-9069E6D11866}.Release|ARM.ActiveCfg = Release|ARM
		{785D7164-B1D4-4719-AD7A-9069E6D11866}.Release|ARM.Build.0 = Release|ARM
		{785D7164-B1D4-4719-AD7A-9069E6D11866}.Release|ARM.Deploy.0 = Release|ARM
		{785D7164-B1D4-4719-AD7A-9069E6D11866}.Release|x64.ActiveCfg = Release|x64
		{785D7164-B1D4-4719-AD7A-9069E6D11866}.Release|x64.Build.0 = Release|x64
		{785D7164-B1D4-4719-AD7A-9069E6D11866}.Release|x64.Deploy.0 = Release|x64
		{785D7164-B1D4-4719-AD7A-9069E6D11866}.Release|x86.ActiveCfg = Release|x86
		{785D7164-B1D4-4719-AD7A-9069E6D11866}.Release|x86.Build.0 = Release|x86
		{785D7164-B1D4-4719-AD7A-9069E6D11866}.Release|x86.Deploy.0 = Release|x86
		{EA17127C-8CDF-4579-AB1A-04BA53AF54C5}.Debug|ARM.ActiveCfg = Debug|ARM
		{EA17127C-8CDF-4579-AB1A-04BA53AF54C5}.Debug|ARM.Build.0 = Debug|ARM
		{EA17127C-8CDF-4579-AB1A-04BA53AF54C5}.Debug|ARM.Deploy.0 = Debug|ARM
		{EA17127C-8CDF-4579-AB1A-04BA53AF54C5}.Debug|x64.ActiveCfg = Debug|x64
		{EA17127C-8CDF-4579-AB1A-04BA53AF54C5}.Debug|x64.Build.0 = Debug|x64
		{EA17127C-8CDF-4579-AB1A-04BA53AF54C5}.Debug|x64.Deploy.0 = Debug|x64
		{EA17127C-8CDF-4579-AB1A-04BA53AF54C5}.Debug|x86.ActiveCfg = Debug|x86
		{EA17127C-8CDF-4579-AB1A-04BA53AF54C5}.Debug|x86.Build.0 = Debug|x86
		{EA17127C-8CDF-4579-AB1A-04BA53AF54C5}.Debug|x86.Deploy.0 = Debug|x86
		{EA17127C-8CDF-4579-AB1A-04BA53AF54C5}.Release|ARM.ActiveCfg = Release|ARM
		{EA17127C-8CDF-4579-AB1A-04BA53AF54C5}.Release|ARM.Build.0 = Release|ARM
		{EA17127C-8CDF-4579-AB1A-04BA53AF54C5}.Release|ARM.Deploy.0 = Release|ARM
		{EA17127C-8CDF-4579-AB1A-04BA53AF54C5}.Release|x64.ActiveCfg = Release|x64
		{EA17127C-8CDF-4579-AB1A-04BA53AF54C5}.Release|x64.Build.0 = Release|x64
		{EA17127C-8CDF-4579-AB1A-04BA53AF54C5}.Release|x64.Deploy.0 = Release|x64
		{EA17127C-8CDF-4579-AB1A-04BA53AF54C5}.Release|x86.ActiveCfg = Release|x86
		{EA17127C-8CDF-4579-AB1A-04BA53AF54C5}.Release|x86.Build.0 = Release|x86
		{EA17127C-8CDF-4579-AB1A-04BA53AF54C5}.Release|x86.Deploy.0 = Release|x86
		{032D4F2A-BB24-482D-ADAD-E60D8CA1DFE2}.Debug|ARM.ActiveCfg = Debug|ARM
		{032D4F2A-BB24-482D-ADAD-E60D8CA1DFE2}.Debug|ARM.Build.0 = Debug|ARM
		{032D4F2A-BB24-482D-ADAD-E60D8CA1DFE2}.Debug|ARM.Deploy.0 = Debug|ARM
		{032D4F2A-BB24-482D-ADAD-E60D8CA1DFE2}.Debug|x64.ActiveCfg = Debug|x64
		{032D4F2A-BB24-482D-ADAD-E60D8CA1DFE2}.Debug|x64.Build.0 = Debug|x64
		{032D4F2A-BB24-482D-ADAD-E60D8CA1DFE2}.Debug|x64.Deploy.0 = Debug|x64
		{032D4F2A-BB24-482D-ADAD-E60D8CA1DFE2}.Debug|x86.ActiveCfg = Debug|x86
		{032D4F2A-BB24-482D-ADAD-E60D8CA1DFE2}.Debug|x86.Build.0 = Debug|x86
		{032D4F2A-BB24-482D-ADAD-E60D8CA1DFE2}.Debug|x86.Deploy.0 = Debug|x86
		{032D4F2A-BB24-482D-ADAD-E60D8CA1DFE2}.Release|ARM.ActiveCfg = Release|ARM
		{032D4F2A-BB24-482D-ADAD-E60D8CA1DFE2}.Release|ARM.Build.0 = Release|ARM
		{032D4F2A-BB24-482D-ADAD-E60D8CA1DFE2}.Release|ARM.Deploy.0 = Release|ARM
		{032D4F2A-BB24-482D-ADAD-E60D8CA1DFE2}.Release|x64.ActiveCfg = Release|x64
		{032D4F2A-BB24-482D-ADAD-E60D8CA1DFE2}.Release|x64.Build.0 = Release|x64
		{032D4F2A-BB24-482D-ADAD-E60D8CA1DFE2}.Release|x64.Deploy.0 = Release|x64
		{032D4F2A-BB24-482D-ADAD-E60D8CA1DFE2}.Release|x86.ActiveCfg = Release|x86
		{032D4F2A-BB24-482D-ADAD-E60D8CA1DFE2}.Release|x86.Build.0 = Release|x86
		{032D4F2A-BB24-482D-ADAD-E60D8CA1DFE2}.Release|x86.Deploy.0 = Release|x86
		{D673A6F3-9A2F-419C-A4FE-AB9E9F810DDD}.Debug|ARM.ActiveCfg = Debug|ARM
		{D673A6F3-9A2F-419C-A4FE-AB9E9F810DDD}.Debug|ARM.Build.0 = Debug|ARM
		{D673A6F3-9A2F-419C-A4FE-AB9E9F810DDD}.Debug|ARM.Deploy.0 = Debug|ARM
		{D673A6F3-9A2F-419C-A4FE-AB9E9F810DDD}.Debug|x64.ActiveCfg = Debug|x64
		{D673A6F3-9A2F-419C-A4FE-AB9E9F810DDD}.Debug|x64.Build.0 = Debug|x64
		{D673A6F3-9A2F-419C-A4FE-AB9E9F810DDD}.Debug|x64.Deploy.0 = Debug|x64
		{D673A6F3-9A2F-419C-A4FE-AB9E9F810DDD}.Debug|x86.ActiveCfg = Debug|x86
		{D673A6F3-9A2F-419C-A4FE-AB9E9F810DDD}.Debug|x86.Build.0 = Debug|x86
		{D673A6F3-9A2F-419C-A4FE-AB9E9F810DDD}.Debug|x86.Deploy.0 = Debug|x86
		{D673A6F3-9A2F-419C-A4FE-AB9E9F810DDD}.Release|ARM.ActiveCfg = Release|ARM
		{D673A6F3-9A2F-419C-A4FE-AB9E9F810DDD}.Release|ARM.Build.0 = Release|ARM
		{D673A6F3-9A2F-419C-A4FE-AB9E9F810DDD}.Release|ARM.Deploy.0 = Release|ARM
		{D673A6F3-9A2F-419C-A4FE-AB9E9F810DDD}.Release|x64.ActiveCfg = Release|x64
		{D673A6F3-9A2F-419C-A4FE-AB9E9F810DDD}.Release|x64.Build.0 = Release|x64
		{D673A6F3-9A2F-419C-A4FE-AB9E9F810DDD}.Release|x64.Deploy.0 = Release|x64
		{D673A6F3-9A2F-419C-A4FE-AB9E9F810DDD}.Release|x86.ActiveCfg = Release|x86
		{D673A6F3-9A2F-419C-A4FE-AB9E9F810DDD}.Release|x86.Build.0 = Release|x86
		{D673A6F3-9A2F-419C-A4FE-AB9E9F810DDD}.Release|x86.Deploy.0 = Release|x86
		{F2B2CA4C-690C-4C9C-85C7-A45B067B3E89}.Debug|ARM.ActiveCfg = Debug|ARM
		{F2B2CA4C-690C-4C9C-85C7-A45B067B3E89}.Debug|ARM.Build.0 = Debug|ARM
		{F2B2CA4C-690C-4C9C-85C7-A45B067B3E89}.Debug|ARM.Deploy.0 = Debug|ARM
		{F2B2CA4C-690C-4C9C-85C7-A45B067B3E89}.Debug|x64.ActiveCfg = Debug|x64
		{F2B2CA4C-690C-4C9C-85C7-A45B067B3E89}.Debug|x64.Build.0 = Debug|x64
		{F2B2CA4C-690C-4C9C-85C7-A45B067B3E89}.Debug|x64.Deploy.0 = Debug|x64
		{F2B2CA4C-690C-4C9C-85C7-A45B067B3E89}.Debug|x86.ActiveCfg = Debug|x86
		{F2B2CA4C-690C-4C9C-85C7-A45B067B3E89}.Debug|x86.Build.0 = Debug|x86
		{F2B2CA4C-690C-4C9C-85C7-A45B067B3E89}.Debug|x86.Deploy.0 = Debug|x86
		{F2B2CA4C-690C-4C9C-85C7-A45B067B3E89}.Release|ARM.ActiveCfg = Release|ARM
		{F2B2CA4C-690C-4C9C-85C7-A45B067B3E89}.Release|ARM.Build.0 = Release|ARM
		{F2B2CA4C-690C-4C9C-85C7-A45B067B3E89}.Release|ARM.Deploy.0 = Release|ARM
		{F2B2CA4C-690C-4C9C-85C7-A45B067B3E89}.Release|x64.ActiveCfg = Release|x64
		{F2B2CA4C-690C-4C9C-85C7-A45B067B3E89}.Release|x64.Build.0 = Release|x64
		{F2B2CA4C-690C-4C9C-85C7-A45B067B3E89}.Release|x64.Deploy.0 = Release|x64
		{F2B2CA4C-690C-4C9C-85C7-A45B067B3E89}.Release|x86.ActiveCfg = Release|x86
		{F2B2CA4C-690C-4C9C-85C7-A45B067B3E89}.Release|x86.Build.0 = Release|x86
		{F2B2CA4C-690C-4C9C-85C7-A45B067B3E89}.Release|x86.Deploy.0 = Release|x86
	EndGlobalSection
	GlobalSection(SolutionProperties) = preSolution
		HideSolutionNode = FALSE
	EndGlobalSection
EndGlobal
